
Microsoft Visual Studio Solution File, Format Version 12.00
# Visual Studio Version 16
VisualStudioVersion = 16.0.33423.256
MinimumVisualStudioVersion = 10.0.40219.1
Project("{FAE04EC0-301F-11D3-BF4B-00C04F79EFBC}") = "MyClasses", "TestesUnitarios\MyClasses.csproj", "{6216AAE8-8BA4-477F-BA20-D8E697E0B166}"
EndProject
Project("{FAE04EC0-301F-11D3-BF4B-00C04F79EFBC}") = "MyClassesTest", "MyClassesTest\MyClassesTest.csproj", "{79A92158-AF38-49C0-92C8-71CCEF83FC96}"
EndProject
Global
	GlobalSection(SolutionConfigurationPlatforms) = preSolution
		Debug|Any CPU = Debug|Any CPU
		Release|Any CPU = Release|Any CPU
	EndGlobalSection
	GlobalSection(ProjectConfigurationPlatforms) = postSolution
		{6216AAE8-8BA4-477F-BA20-D8E697E0B166}.Debug|Any CPU.ActiveCfg = Debug|Any CPU
		{6216AAE8-8BA4-477F-BA20-D8E697E0B166}.Debug|Any CPU.Build.0 = Debug|Any CPU
		{6216AAE8-8BA4-477F-BA20-D8E697E0B166}.Release|Any CPU.ActiveCfg = Release|Any CPU
		{6216AAE8-8BA4-477F-BA20-D8E697E0B166}.Release|Any CPU.Build.0 = Release|Any CPU
		{79A92158-AF38-49C0-92C8-71CCEF83FC96}.Debug|Any CPU.ActiveCfg = Debug|Any CPU
		{79A92158-AF38-49C0-92C8-71CCEF83FC96}.Debug|Any CPU.Build.0 = Debug|Any CPU
		{79A92158-AF38-49C0-92C8-71CCEF83FC96}.Release|Any CPU.ActiveCfg = Release|Any CPU
		{79A92158-AF38-49C0-92C8-71CCEF83FC96}.Release|Any CPU.Build.0 = Release|Any CPU
	EndGlobalSection
	GlobalSection(SolutionProperties) = preSolution
		HideSolutionNode = FALSE
	EndGlobalSection
	GlobalSection(ExtensibilityGlobals) = postSolution
		SolutionGuid = {9285D24E-1C72-4CA1-9B42-40A3E7CC3EB4}
	EndGlobalSection
EndGlobal
